
Microsoft Visual Studio Solution File, Format Version 12.00
# Visual Studio Version 17
VisualStudioVersion = 17.0.32112.339
MinimumVisualStudioVersion = 10.0.40219.1
Project("{FAE04EC0-301F-11D3-BF4B-00C04F79EFBC}") = "Store.CORE", "Store.CORE\Store.CORE.csproj", "{61F06EF2-FF10-4E50-8CCB-5E4E98629CBF}"
EndProject
Project("{FAE04EC0-301F-11D3-BF4B-00C04F79EFBC}") = "Store.MODELS", "Store.MODELS\Store.MODELS.csproj", "{CD6A3B0C-EABC-42CE-A7D7-75D320AEFEDA}"
EndProject
Project("{FAE04EC0-301F-11D3-BF4B-00C04F79EFBC}") = "Store.DATA", "Store.DATA\Store.DATA.csproj", "{DB7D2CF4-65AD-4DF5-A360-DA337E0490F0}"
EndProject
Project("{FAE04EC0-301F-11D3-BF4B-00C04F79EFBC}") = "Store.BUSINESS", "Store.BUSINESS\Store.BUSINESS.csproj", "{95B539B0-C6ED-4548-AF1B-012FA18DEB53}"
EndProject
Project("{FAE04EC0-301F-11D3-BF4B-00C04F79EFBC}") = "Store.API", "Store.API\Store.API.csproj", "{34B80408-39E8-4E46-A222-714BB5DF4801}"
EndProject
Global
	GlobalSection(SolutionConfigurationPlatforms) = preSolution
		Debug|Any CPU = Debug|Any CPU
		Release|Any CPU = Release|Any CPU
	EndGlobalSection
	GlobalSection(ProjectConfigurationPlatforms) = postSolution
		{61F06EF2-FF10-4E50-8CCB-5E4E98629CBF}.Debug|Any CPU.ActiveCfg = Debug|Any CPU
		{61F06EF2-FF10-4E50-8CCB-5E4E98629CBF}.Debug|Any CPU.Build.0 = Debug|Any CPU
		{61F06EF2-FF10-4E50-8CCB-5E4E98629CBF}.Release|Any CPU.ActiveCfg = Release|Any CPU
		{61F06EF2-FF10-4E50-8CCB-5E4E98629CBF}.Release|Any CPU.Build.0 = Release|Any CPU
		{CD6A3B0C-EABC-42CE-A7D7-75D320AEFEDA}.Debug|Any CPU.ActiveCfg = Debug|Any CPU
		{CD6A3B0C-EABC-42CE-A7D7-75D320AEFEDA}.Debug|Any CPU.Build.0 = Debug|Any CPU
		{CD6A3B0C-EABC-42CE-A7D7-75D320AEFEDA}.Release|Any CPU.ActiveCfg = Release|Any CPU
		{CD6A3B0C-EABC-42CE-A7D7-75D320AEFEDA}.Release|Any CPU.Build.0 = Release|Any CPU
		{DB7D2CF4-65AD-4DF5-A360-DA337E0490F0}.Debug|Any CPU.ActiveCfg = Debug|Any CPU
		{DB7D2CF4-65AD-4DF5-A360-DA337E0490F0}.Debug|Any CPU.Build.0 = Debug|Any CPU
		{DB7D2CF4-65AD-4DF5-A360-DA337E0490F0}.Release|Any CPU.ActiveCfg = Release|Any CPU
		{DB7D2CF4-65AD-4DF5-A360-DA337E0490F0}.Release|Any CPU.Build.0 = Release|Any CPU
		{95B539B0-C6ED-4548-AF1B-012FA18DEB53}.Debug|Any CPU.ActiveCfg = Debug|Any CPU
		{95B539B0-C6ED-4548-AF1B-012FA18DEB53}.Debug|Any CPU.Build.0 = Debug|Any CPU
		{95B539B0-C6ED-4548-AF1B-012FA18DEB53}.Release|Any CPU.ActiveCfg = Release|Any CPU
		{95B539B0-C6ED-4548-AF1B-012FA18DEB53}.Release|Any CPU.Build.0 = Release|Any CPU
		{34B80408-39E8-4E46-A222-714BB5DF4801}.Debug|Any CPU.ActiveCfg = Debug|Any CPU
		{34B80408-39E8-4E46-A222-714BB5DF4801}.Debug|Any CPU.Build.0 = Debug|Any CPU
		{34B80408-39E8-4E46-A222-714BB5DF4801}.Release|Any CPU.ActiveCfg = Release|Any CPU
		{34B80408-39E8-4E46-A222-714BB5DF4801}.Release|Any CPU.Build.0 = Release|Any CPU
	EndGlobalSection
	GlobalSection(SolutionProperties) = preSolution
		HideSolutionNode = FALSE
	EndGlobalSection
	GlobalSection(ExtensibilityGlobals) = postSolution
		SolutionGuid = {394856F3-07A2-430B-8A53-B81B22545225}
	EndGlobalSection
EndGlobal
